// !$*UTF8*$!
{
	archiveVersion = 1;
	classes = {
	};
	objectVersion = 48;
	objects = {

/* Begin PBXBuildFile section */
		2B5A1825C440A27E97ED5CC3 /* Pods_SmashingFlashingTests.framework in Frameworks */ = {isa = PBXBuildFile; fileRef = 3C889AA4359BA51C7A31FFF1 /* Pods_SmashingFlashingTests.framework */; };
		4B1B26DD1F7BC0270002199E /* AppDelegate.swift in Sources */ = {isa = PBXBuildFile; fileRef = 4B1B26DC1F7BC0270002199E /* AppDelegate.swift */; };
		4B1B26E21F7BC0270002199E /* Main.storyboard in Resources */ = {isa = PBXBuildFile; fileRef = 4B1B26E01F7BC0270002199E /* Main.storyboard */; };
		4B1B26E41F7BC0270002199E /* Assets.xcassets in Resources */ = {isa = PBXBuildFile; fileRef = 4B1B26E31F7BC0270002199E /* Assets.xcassets */; };
		4B1B26E71F7BC0270002199E /* LaunchScreen.storyboard in Resources */ = {isa = PBXBuildFile; fileRef = 4B1B26E51F7BC0270002199E /* LaunchScreen.storyboard */; };
		4B1B27161F8BBF640002199E /* StuffViewController.swift in Sources */ = {isa = PBXBuildFile; fileRef = 4B1B27151F8BBF640002199E /* StuffViewController.swift */; };
		4B1B271C1FADE3D10002199E /* PlayerViewController.swift in Sources */ = {isa = PBXBuildFile; fileRef = 4B1B271B1FADE3D10002199E /* PlayerViewController.swift */; };
		4B34F3AC200FF3A100523104 /* Cutter.swift in Sources */ = {isa = PBXBuildFile; fileRef = 4B34F3AB200FF3A100523104 /* Cutter.swift */; };
		4B34F3AE20108EDC00523104 /* AlertManager.swift in Sources */ = {isa = PBXBuildFile; fileRef = 4B34F3AD20108EDB00523104 /* AlertManager.swift */; };
		4B6682D4200F7CDB00AF9916 /* LoadViewController.swift in Sources */ = {isa = PBXBuildFile; fileRef = 4B6682D3200F7CDB00AF9916 /* LoadViewController.swift */; };
		4BFD0F6C1FDB1DC30086088A /* Clown.storyboard in Resources */ = {isa = PBXBuildFile; fileRef = 4BFD0F6B1FDB1DC30086088A /* Clown.storyboard */; };
		4BFD0F971FE6A4250086088A /* SmashingFlashingTests.swift in Sources */ = {isa = PBXBuildFile; fileRef = 4BFD0F961FE6A4250086088A /* SmashingFlashingTests.swift */; };
		4BFD0FDF1FE71F750086088A /* DataStore.swift in Sources */ = {isa = PBXBuildFile; fileRef = 4BFD0FDE1FE71F750086088A /* DataStore.swift */; };
		4BFD0FE11FE726070086088A /* AudioTableViewCell.swift in Sources */ = {isa = PBXBuildFile; fileRef = 4BFD0FE01FE726070086088A /* AudioTableViewCell.swift */; };
		4BFD0FF61FF82B800086088A /* RecorderViewController.swift in Sources */ = {isa = PBXBuildFile; fileRef = 4BFD0FF51FF82B800086088A /* RecorderViewController.swift */; };
		4BFD0FF81FF82BC80086088A /* RecordsList.swift in Sources */ = {isa = PBXBuildFile; fileRef = 4BFD0FF71FF82BC80086088A /* RecordsList.swift */; };
		4BFD0FFA1FF82C310086088A /* Player.swift in Sources */ = {isa = PBXBuildFile; fileRef = 4BFD0FF91FF82C310086088A /* Player.swift */; };
		4BFD0FFC1FF82C990086088A /* Recorder.swift in Sources */ = {isa = PBXBuildFile; fileRef = 4BFD0FFB1FF82C990086088A /* Recorder.swift */; };
		4BFD0FFE1FF82CC70086088A /* FileName.swift in Sources */ = {isa = PBXBuildFile; fileRef = 4BFD0FFD1FF82CC70086088A /* FileName.swift */; };
		4BFD10041FF848520086088A /* Info.plist in Resources */ = {isa = PBXBuildFile; fileRef = 4BFD10031FF848510086088A /* Info.plist */; };
		4BFD10061FF849BA0086088A /* SlideButtonAction.swift in Sources */ = {isa = PBXBuildFile; fileRef = 4BFD10051FF849BA0086088A /* SlideButtonAction.swift */; };
		4BFD10081FF84ABC0086088A /* WalkmanViewController.swift in Sources */ = {isa = PBXBuildFile; fileRef = 4BFD10071FF84ABC0086088A /* WalkmanViewController.swift */; };
		4BFD10141FF9780F0086088A /* SmashingFlashingUITests.swift in Sources */ = {isa = PBXBuildFile; fileRef = 4BFD10131FF9780F0086088A /* SmashingFlashingUITests.swift */; };
		4BFD10311FFB9F350086088A /* Sound.storyboard in Resources */ = {isa = PBXBuildFile; fileRef = 4BFD10301FFB9F350086088A /* Sound.storyboard */; };
		4BFD10351FFBA1AE0086088A /* List.storyboard in Resources */ = {isa = PBXBuildFile; fileRef = 4BFD10341FFBA1AE0086088A /* List.storyboard */; };
		4BFD10372002BAFF0086088A /* PhotoLibraryManager.swift in Sources */ = {isa = PBXBuildFile; fileRef = 4BFD10362002BAFF0086088A /* PhotoLibraryManager.swift */; };
		4BFD103D2004D4BE0086088A /* RecordVideoViewController.swift in Sources */ = {isa = PBXBuildFile; fileRef = 4BFD103C2004D4BE0086088A /* RecordVideoViewController.swift */; };
		4BFD104220055ABA0086088A /* Helper.swift in Sources */ = {isa = PBXBuildFile; fileRef = 4BFD104120055ABA0086088A /* Helper.swift */; };
		4BFD104420079C0F0086088A /* TrueMerger.swift in Sources */ = {isa = PBXBuildFile; fileRef = 4BFD104320079C0F0086088A /* TrueMerger.swift */; };
		7C73CE46202DFAC200653323 /* AudioRecordsViewController.swift in Sources */ = {isa = PBXBuildFile; fileRef = 7C73CE45202DFAC200653323 /* AudioRecordsViewController.swift */; };
		C79D2E43BB77907772388E2E /* Pods_SmashingFlashing.framework in Frameworks */ = {isa = PBXBuildFile; fileRef = D84E3F2C2B5DAE733D5799DB /* Pods_SmashingFlashing.framework */; };
/* End PBXBuildFile section */

/* Begin PBXContainerItemProxy section */
		4BFD0F991FE6A4250086088A /* PBXContainerItemProxy */ = {
			isa = PBXContainerItemProxy;
			containerPortal = 4B1B26D11F7BC0270002199E /* Project object */;
			proxyType = 1;
			remoteGlobalIDString = 4B1B26D81F7BC0270002199E;
			remoteInfo = SmashingFlashing;
		};
		4BFD10161FF9780F0086088A /* PBXContainerItemProxy */ = {
			isa = PBXContainerItemProxy;
			containerPortal = 4B1B26D11F7BC0270002199E /* Project object */;
			proxyType = 1;
			remoteGlobalIDString = 4B1B26D81F7BC0270002199E;
			remoteInfo = SmashingFlashing;
		};
/* End PBXContainerItemProxy section */

/* Begin PBXFileReference section */
		38EF285D21960F322216F807 /* Pods-SmashingFlashingTests.debug.xcconfig */ = {isa = PBXFileReference; includeInIndex = 1; lastKnownFileType = text.xcconfig; name = "Pods-SmashingFlashingTests.debug.xcconfig"; path = "Pods/Target Support Files/Pods-SmashingFlashingTests/Pods-SmashingFlashingTests.debug.xcconfig"; sourceTree = "<group>"; };
		3C889AA4359BA51C7A31FFF1 /* Pods_SmashingFlashingTests.framework */ = {isa = PBXFileReference; explicitFileType = wrapper.framework; includeInIndex = 0; path = Pods_SmashingFlashingTests.framework; sourceTree = BUILT_PRODUCTS_DIR; };
		4B1B26D91F7BC0270002199E /* SmashingFlashing.app */ = {isa = PBXFileReference; explicitFileType = wrapper.application; includeInIndex = 0; path = SmashingFlashing.app; sourceTree = BUILT_PRODUCTS_DIR; };
		4B1B26DC1F7BC0270002199E /* AppDelegate.swift */ = {isa = PBXFileReference; lastKnownFileType = sourcecode.swift; path = AppDelegate.swift; sourceTree = "<group>"; };
		4B1B26E11F7BC0270002199E /* Base */ = {isa = PBXFileReference; lastKnownFileType = file.storyboard; name = Base; path = Base.lproj/Main.storyboard; sourceTree = "<group>"; };
		4B1B26E31F7BC0270002199E /* Assets.xcassets */ = {isa = PBXFileReference; lastKnownFileType = folder.assetcatalog; path = Assets.xcassets; sourceTree = "<group>"; };
		4B1B26E61F7BC0270002199E /* Base */ = {isa = PBXFileReference; lastKnownFileType = file.storyboard; name = Base; path = Base.lproj/LaunchScreen.storyboard; sourceTree = "<group>"; };
		4B1B27151F8BBF640002199E /* StuffViewController.swift */ = {isa = PBXFileReference; lastKnownFileType = sourcecode.swift; path = StuffViewController.swift; sourceTree = "<group>"; };
		4B1B271B1FADE3D10002199E /* PlayerViewController.swift */ = {isa = PBXFileReference; indentWidth = 4; lastKnownFileType = sourcecode.swift; path = PlayerViewController.swift; sourceTree = "<group>"; tabWidth = 4; };
		4B34F3AB200FF3A100523104 /* Cutter.swift */ = {isa = PBXFileReference; lastKnownFileType = sourcecode.swift; path = Cutter.swift; sourceTree = "<group>"; };
		4B34F3AD20108EDB00523104 /* AlertManager.swift */ = {isa = PBXFileReference; lastKnownFileType = sourcecode.swift; path = AlertManager.swift; sourceTree = "<group>"; };
		4B6682D3200F7CDB00AF9916 /* LoadViewController.swift */ = {isa = PBXFileReference; lastKnownFileType = sourcecode.swift; path = LoadViewController.swift; sourceTree = "<group>"; };
		4BFD0F6B1FDB1DC30086088A /* Clown.storyboard */ = {isa = PBXFileReference; fileEncoding = 4; lastKnownFileType = file.storyboard; path = Clown.storyboard; sourceTree = "<group>"; };
		4BFD0F941FE6A4250086088A /* SmashingFlashingTests.xctest */ = {isa = PBXFileReference; explicitFileType = wrapper.cfbundle; includeInIndex = 0; path = SmashingFlashingTests.xctest; sourceTree = BUILT_PRODUCTS_DIR; };
		4BFD0F961FE6A4250086088A /* SmashingFlashingTests.swift */ = {isa = PBXFileReference; lastKnownFileType = sourcecode.swift; path = SmashingFlashingTests.swift; sourceTree = "<group>"; };
		4BFD0F981FE6A4250086088A /* Info.plist */ = {isa = PBXFileReference; lastKnownFileType = text.plist.xml; path = Info.plist; sourceTree = "<group>"; };
		4BFD0FDE1FE71F750086088A /* DataStore.swift */ = {isa = PBXFileReference; lastKnownFileType = sourcecode.swift; path = DataStore.swift; sourceTree = "<group>"; };
		4BFD0FE01FE726070086088A /* AudioTableViewCell.swift */ = {isa = PBXFileReference; lastKnownFileType = sourcecode.swift; path = AudioTableViewCell.swift; sourceTree = "<group>"; };
		4BFD0FF51FF82B800086088A /* RecorderViewController.swift */ = {isa = PBXFileReference; lastKnownFileType = sourcecode.swift; path = RecorderViewController.swift; sourceTree = "<group>"; };
		4BFD0FF71FF82BC80086088A /* RecordsList.swift */ = {isa = PBXFileReference; lastKnownFileType = sourcecode.swift; path = RecordsList.swift; sourceTree = "<group>"; };
		4BFD0FF91FF82C310086088A /* Player.swift */ = {isa = PBXFileReference; lastKnownFileType = sourcecode.swift; path = Player.swift; sourceTree = "<group>"; };
		4BFD0FFB1FF82C990086088A /* Recorder.swift */ = {isa = PBXFileReference; lastKnownFileType = sourcecode.swift; path = Recorder.swift; sourceTree = "<group>"; };
		4BFD0FFD1FF82CC70086088A /* FileName.swift */ = {isa = PBXFileReference; lastKnownFileType = sourcecode.swift; path = FileName.swift; sourceTree = "<group>"; };
		4BFD10001FF831B40086088A /* SmashingFlashing.entitlements */ = {isa = PBXFileReference; lastKnownFileType = text.plist.entitlements; path = SmashingFlashing.entitlements; sourceTree = "<group>"; };
		4BFD10031FF848510086088A /* Info.plist */ = {isa = PBXFileReference; fileEncoding = 4; lastKnownFileType = text.plist.xml; path = Info.plist; sourceTree = "<group>"; };
		4BFD10051FF849BA0086088A /* SlideButtonAction.swift */ = {isa = PBXFileReference; lastKnownFileType = sourcecode.swift; path = SlideButtonAction.swift; sourceTree = "<group>"; };
		4BFD10071FF84ABC0086088A /* WalkmanViewController.swift */ = {isa = PBXFileReference; lastKnownFileType = sourcecode.swift; path = WalkmanViewController.swift; sourceTree = "<group>"; };
		4BFD10111FF9780F0086088A /* SmashingFlashingUITests.xctest */ = {isa = PBXFileReference; explicitFileType = wrapper.cfbundle; includeInIndex = 0; path = SmashingFlashingUITests.xctest; sourceTree = BUILT_PRODUCTS_DIR; };
		4BFD10131FF9780F0086088A /* SmashingFlashingUITests.swift */ = {isa = PBXFileReference; lastKnownFileType = sourcecode.swift; path = SmashingFlashingUITests.swift; sourceTree = "<group>"; };
		4BFD10151FF9780F0086088A /* Info.plist */ = {isa = PBXFileReference; lastKnownFileType = text.plist.xml; path = Info.plist; sourceTree = "<group>"; };
		4BFD10301FFB9F350086088A /* Sound.storyboard */ = {isa = PBXFileReference; fileEncoding = 4; lastKnownFileType = file.storyboard; path = Sound.storyboard; sourceTree = "<group>"; };
		4BFD10341FFBA1AE0086088A /* List.storyboard */ = {isa = PBXFileReference; fileEncoding = 4; lastKnownFileType = file.storyboard; path = List.storyboard; sourceTree = "<group>"; };
		4BFD10362002BAFF0086088A /* PhotoLibraryManager.swift */ = {isa = PBXFileReference; lastKnownFileType = sourcecode.swift; path = PhotoLibraryManager.swift; sourceTree = "<group>"; };
		4BFD103C2004D4BE0086088A /* RecordVideoViewController.swift */ = {isa = PBXFileReference; lastKnownFileType = sourcecode.swift; path = RecordVideoViewController.swift; sourceTree = "<group>"; };
		4BFD104120055ABA0086088A /* Helper.swift */ = {isa = PBXFileReference; lastKnownFileType = sourcecode.swift; path = Helper.swift; sourceTree = "<group>"; };
		4BFD104320079C0F0086088A /* TrueMerger.swift */ = {isa = PBXFileReference; lastKnownFileType = sourcecode.swift; path = TrueMerger.swift; sourceTree = "<group>"; };
		71CE75FF24A4717AC03FC8A9 /* Pods-SmashingFlashing.release.xcconfig */ = {isa = PBXFileReference; includeInIndex = 1; lastKnownFileType = text.xcconfig; name = "Pods-SmashingFlashing.release.xcconfig"; path = "Pods/Target Support Files/Pods-SmashingFlashing/Pods-SmashingFlashing.release.xcconfig"; sourceTree = "<group>"; };
		7C73CE45202DFAC200653323 /* AudioRecordsViewController.swift */ = {isa = PBXFileReference; lastKnownFileType = sourcecode.swift; path = AudioRecordsViewController.swift; sourceTree = "<group>"; };
		AD970B57F7D6BFA4EFEEFB90 /* Pods-SmashingFlashing.debug.xcconfig */ = {isa = PBXFileReference; includeInIndex = 1; lastKnownFileType = text.xcconfig; name = "Pods-SmashingFlashing.debug.xcconfig"; path = "Pods/Target Support Files/Pods-SmashingFlashing/Pods-SmashingFlashing.debug.xcconfig"; sourceTree = "<group>"; };
		D84E3F2C2B5DAE733D5799DB /* Pods_SmashingFlashing.framework */ = {isa = PBXFileReference; explicitFileType = wrapper.framework; includeInIndex = 0; path = Pods_SmashingFlashing.framework; sourceTree = BUILT_PRODUCTS_DIR; };
		EBCEC6875D8F7C47BA75E88A /* Pods-SmashingFlashingTests.release.xcconfig */ = {isa = PBXFileReference; includeInIndex = 1; lastKnownFileType = text.xcconfig; name = "Pods-SmashingFlashingTests.release.xcconfig"; path = "Pods/Target Support Files/Pods-SmashingFlashingTests/Pods-SmashingFlashingTests.release.xcconfig"; sourceTree = "<group>"; };
/* End PBXFileReference section */

/* Begin PBXFrameworksBuildPhase section */
		4B1B26D61F7BC0270002199E /* Frameworks */ = {
			isa = PBXFrameworksBuildPhase;
			buildActionMask = 2147483647;
			files = (
				C79D2E43BB77907772388E2E /* Pods_SmashingFlashing.framework in Frameworks */,
			);
			runOnlyForDeploymentPostprocessing = 0;
		};
		4BFD0F911FE6A4250086088A /* Frameworks */ = {
			isa = PBXFrameworksBuildPhase;
			buildActionMask = 2147483647;
			files = (
				2B5A1825C440A27E97ED5CC3 /* Pods_SmashingFlashingTests.framework in Frameworks */,
			);
			runOnlyForDeploymentPostprocessing = 0;
		};
		4BFD100E1FF9780F0086088A /* Frameworks */ = {
			isa = PBXFrameworksBuildPhase;
			buildActionMask = 2147483647;
			files = (
			);
			runOnlyForDeploymentPostprocessing = 0;
		};
/* End PBXFrameworksBuildPhase section */

/* Begin PBXGroup section */
		4B1B26D01F7BC0270002199E = {
			isa = PBXGroup;
			children = (
				4B1B26DB1F7BC0270002199E /* SmashingFlashing */,
				4BFD0F951FE6A4250086088A /* SmashingFlashingTests */,
				4BFD10121FF9780F0086088A /* SmashingFlashingUITests */,
				4B1B26DA1F7BC0270002199E /* Products */,
				5DE43A569010F18CA8AEAE3C /* Pods */,
				680144A7F946F821FD055FC3 /* Frameworks */,
			);
			sourceTree = "<group>";
		};
		4B1B26DA1F7BC0270002199E /* Products */ = {
			isa = PBXGroup;
			children = (
				4B1B26D91F7BC0270002199E /* SmashingFlashing.app */,
				4BFD0F941FE6A4250086088A /* SmashingFlashingTests.xctest */,
				4BFD10111FF9780F0086088A /* SmashingFlashingUITests.xctest */,
			);
			name = Products;
			sourceTree = "<group>";
		};
		4B1B26DB1F7BC0270002199E /* SmashingFlashing */ = {
			isa = PBXGroup;
			children = (
				4BFD10001FF831B40086088A /* SmashingFlashing.entitlements */,
				4BFD104020055A940086088A /* Helpers */,
				4BFD0FFF1FF830BA0086088A /* View Model */,
				4BFD0F781FDBFC2C0086088A /* Models */,
				4BFD0F751FDB1FE00086088A /* AppDelegate */,
				4BFD0F731FDB1F910086088A /* Controllers */,
				4BFD0F721FDB1F7D0086088A /* Storyboards */,
				4BFD0F741FDB1FBD0086088A /* Supporting files */,
			);
			path = SmashingFlashing;
			sourceTree = "<group>";
		};
		4BFD0F721FDB1F7D0086088A /* Storyboards */ = {
			isa = PBXGroup;
			children = (
				4BFD10341FFBA1AE0086088A /* List.storyboard */,
				4BFD10301FFB9F350086088A /* Sound.storyboard */,
				4BFD0F6B1FDB1DC30086088A /* Clown.storyboard */,
				4B1B26E51F7BC0270002199E /* LaunchScreen.storyboard */,
				4B1B26E01F7BC0270002199E /* Main.storyboard */,
			);
			path = Storyboards;
			sourceTree = "<group>";
		};
		4BFD0F731FDB1F910086088A /* Controllers */ = {
			isa = PBXGroup;
			children = (
				4B6682D3200F7CDB00AF9916 /* LoadViewController.swift */,
				4B1B271B1FADE3D10002199E /* PlayerViewController.swift */,
				4BFD103C2004D4BE0086088A /* RecordVideoViewController.swift */,
				4BFD0FF51FF82B800086088A /* RecorderViewController.swift */,
				4BFD0FF71FF82BC80086088A /* RecordsList.swift */,
				4B1B27151F8BBF640002199E /* StuffViewController.swift */,
				4BFD10071FF84ABC0086088A /* WalkmanViewController.swift */,
				7C73CE45202DFAC200653323 /* AudioRecordsViewController.swift */,
			);
			path = Controllers;
			sourceTree = "<group>";
		};
		4BFD0F741FDB1FBD0086088A /* Supporting files */ = {
			isa = PBXGroup;
			children = (
				4BFD10031FF848510086088A /* Info.plist */,
				4B1B26E31F7BC0270002199E /* Assets.xcassets */,
			);
			path = "Supporting files";
			sourceTree = "<group>";
		};
		4BFD0F751FDB1FE00086088A /* AppDelegate */ = {
			isa = PBXGroup;
			children = (
				4B1B26DC1F7BC0270002199E /* AppDelegate.swift */,
			);
			path = AppDelegate;
			sourceTree = "<group>";
		};
		4BFD0F781FDBFC2C0086088A /* Models */ = {
			isa = PBXGroup;
			children = (
				4B34F3AD20108EDB00523104 /* AlertManager.swift */,
				4B34F3AB200FF3A100523104 /* Cutter.swift */,
				4BFD0FDE1FE71F750086088A /* DataStore.swift */,
				4BFD0FFD1FF82CC70086088A /* FileName.swift */,
				4BFD104320079C0F0086088A /* TrueMerger.swift */,
				4BFD10362002BAFF0086088A /* PhotoLibraryManager.swift */,
				4BFD0FF91FF82C310086088A /* Player.swift */,
				4BFD0FFB1FF82C990086088A /* Recorder.swift */,
				4BFD10051FF849BA0086088A /* SlideButtonAction.swift */,
			);
			path = Models;
			sourceTree = "<group>";
		};
		4BFD0F951FE6A4250086088A /* SmashingFlashingTests */ = {
			isa = PBXGroup;
			children = (
				4BFD0F961FE6A4250086088A /* SmashingFlashingTests.swift */,
				4BFD0F981FE6A4250086088A /* Info.plist */,
			);
			path = SmashingFlashingTests;
			sourceTree = "<group>";
		};
		4BFD0FFF1FF830BA0086088A /* View Model */ = {
			isa = PBXGroup;
			children = (
				4BFD0FE01FE726070086088A /* AudioTableViewCell.swift */,
			);
			path = "View Model";
			sourceTree = "<group>";
		};
		4BFD10121FF9780F0086088A /* SmashingFlashingUITests */ = {
			isa = PBXGroup;
			children = (
				4BFD10131FF9780F0086088A /* SmashingFlashingUITests.swift */,
				4BFD10151FF9780F0086088A /* Info.plist */,
			);
			path = SmashingFlashingUITests;
			sourceTree = "<group>";
		};
		4BFD104020055A940086088A /* Helpers */ = {
			isa = PBXGroup;
			children = (
				4BFD104120055ABA0086088A /* Helper.swift */,
			);
			path = Helpers;
			sourceTree = "<group>";
		};
		5DE43A569010F18CA8AEAE3C /* Pods */ = {
			isa = PBXGroup;
			children = (
				AD970B57F7D6BFA4EFEEFB90 /* Pods-SmashingFlashing.debug.xcconfig */,
				71CE75FF24A4717AC03FC8A9 /* Pods-SmashingFlashing.release.xcconfig */,
				38EF285D21960F322216F807 /* Pods-SmashingFlashingTests.debug.xcconfig */,
				EBCEC6875D8F7C47BA75E88A /* Pods-SmashingFlashingTests.release.xcconfig */,
			);
			name = Pods;
			sourceTree = "<group>";
		};
		680144A7F946F821FD055FC3 /* Frameworks */ = {
			isa = PBXGroup;
			children = (
				D84E3F2C2B5DAE733D5799DB /* Pods_SmashingFlashing.framework */,
				3C889AA4359BA51C7A31FFF1 /* Pods_SmashingFlashingTests.framework */,
			);
			name = Frameworks;
			sourceTree = "<group>";
		};
/* End PBXGroup section */

/* Begin PBXNativeTarget section */
		4B1B26D81F7BC0270002199E /* SmashingFlashing */ = {
			isa = PBXNativeTarget;
			buildConfigurationList = 4B1B26EB1F7BC0270002199E /* Build configuration list for PBXNativeTarget "SmashingFlashing" */;
			buildPhases = (
				8D9F8BE12996A67E7ECA1F78 /* [CP] Check Pods Manifest.lock */,
				4B1B26D51F7BC0270002199E /* Sources */,
				4B1B26D61F7BC0270002199E /* Frameworks */,
				4B1B26D71F7BC0270002199E /* Resources */,
				3F9DD5521BE904D1F5FA19F0 /* [CP] Embed Pods Frameworks */,
				159F095D2780927110CFA522 /* [CP] Copy Pods Resources */,
			);
			buildRules = (
			);
			dependencies = (
			);
			name = SmashingFlashing;
			productName = SmashingFlashing;
			productReference = 4B1B26D91F7BC0270002199E /* SmashingFlashing.app */;
			productType = "com.apple.product-type.application";
		};
		4BFD0F931FE6A4250086088A /* SmashingFlashingTests */ = {
			isa = PBXNativeTarget;
			buildConfigurationList = 4BFD0F9D1FE6A4250086088A /* Build configuration list for PBXNativeTarget "SmashingFlashingTests" */;
			buildPhases = (
				667699D46BCC29D9977A12C2 /* [CP] Check Pods Manifest.lock */,
				4BFD0F901FE6A4250086088A /* Sources */,
				4BFD0F911FE6A4250086088A /* Frameworks */,
				4BFD0F921FE6A4250086088A /* Resources */,
				9D814276110F394016EF0A21 /* [CP] Embed Pods Frameworks */,
				79E729BFD359B310C834201E /* [CP] Copy Pods Resources */,
			);
			buildRules = (
			);
			dependencies = (
				4BFD0F9A1FE6A4250086088A /* PBXTargetDependency */,
			);
			name = SmashingFlashingTests;
			productName = SmashingFlashingTests;
			productReference = 4BFD0F941FE6A4250086088A /* SmashingFlashingTests.xctest */;
			productType = "com.apple.product-type.bundle.unit-test";
		};
		4BFD10101FF9780F0086088A /* SmashingFlashingUITests */ = {
			isa = PBXNativeTarget;
			buildConfigurationList = 4BFD10181FF9780F0086088A /* Build configuration list for PBXNativeTarget "SmashingFlashingUITests" */;
			buildPhases = (
				4BFD100D1FF9780F0086088A /* Sources */,
				4BFD100E1FF9780F0086088A /* Frameworks */,
				4BFD100F1FF9780F0086088A /* Resources */,
			);
			buildRules = (
			);
			dependencies = (
				4BFD10171FF9780F0086088A /* PBXTargetDependency */,
			);
			name = SmashingFlashingUITests;
			productName = SmashingFlashingUITests;
			productReference = 4BFD10111FF9780F0086088A /* SmashingFlashingUITests.xctest */;
			productType = "com.apple.product-type.bundle.ui-testing";
		};
/* End PBXNativeTarget section */

/* Begin PBXProject section */
		4B1B26D11F7BC0270002199E /* Project object */ = {
			isa = PBXProject;
			attributes = {
				LastSwiftUpdateCheck = 0920;
				LastUpgradeCheck = 0900;
				ORGANIZATIONNAME = "Михаил Нечаев";
				TargetAttributes = {
					4B1B26D81F7BC0270002199E = {
						CreatedOnToolsVersion = 9.0;
						ProvisioningStyle = Automatic;
						SystemCapabilities = {
							com.apple.Keychain = {
								enabled = 1;
							};
						};
					};
					4BFD0F931FE6A4250086088A = {
						CreatedOnToolsVersion = 9.2;
						ProvisioningStyle = Automatic;
						TestTargetID = 4B1B26D81F7BC0270002199E;
					};
					4BFD10101FF9780F0086088A = {
						CreatedOnToolsVersion = 9.2;
						ProvisioningStyle = Automatic;
						TestTargetID = 4B1B26D81F7BC0270002199E;
					};
				};
			};
			buildConfigurationList = 4B1B26D41F7BC0270002199E /* Build configuration list for PBXProject "SmashingFlashing" */;
			compatibilityVersion = "Xcode 8.0";
			developmentRegion = en;
			hasScannedForEncodings = 0;
			knownRegions = (
				en,
				Base,
			);
			mainGroup = 4B1B26D01F7BC0270002199E;
			productRefGroup = 4B1B26DA1F7BC0270002199E /* Products */;
			projectDirPath = "";
			projectRoot = "";
			targets = (
				4B1B26D81F7BC0270002199E /* SmashingFlashing */,
				4BFD0F931FE6A4250086088A /* SmashingFlashingTests */,
				4BFD10101FF9780F0086088A /* SmashingFlashingUITests */,
			);
		};
/* End PBXProject section */

/* Begin PBXResourcesBuildPhase section */
		4B1B26D71F7BC0270002199E /* Resources */ = {
			isa = PBXResourcesBuildPhase;
			buildActionMask = 2147483647;
			files = (
				4B1B26E71F7BC0270002199E /* LaunchScreen.storyboard in Resources */,
				4BFD10351FFBA1AE0086088A /* List.storyboard in Resources */,
				4BFD10041FF848520086088A /* Info.plist in Resources */,
				4B1B26E41F7BC0270002199E /* Assets.xcassets in Resources */,
				4BFD0F6C1FDB1DC30086088A /* Clown.storyboard in Resources */,
				4BFD10311FFB9F350086088A /* Sound.storyboard in Resources */,
				4B1B26E21F7BC0270002199E /* Main.storyboard in Resources */,
			);
			runOnlyForDeploymentPostprocessing = 0;
		};
		4BFD0F921FE6A4250086088A /* Resources */ = {
			isa = PBXResourcesBuildPhase;
			buildActionMask = 2147483647;
			files = (
			);
			runOnlyForDeploymentPostprocessing = 0;
		};
		4BFD100F1FF9780F0086088A /* Resources */ = {
			isa = PBXResourcesBuildPhase;
			buildActionMask = 2147483647;
			files = (
			);
			runOnlyForDeploymentPostprocessing = 0;
		};
/* End PBXResourcesBuildPhase section */

/* Begin PBXShellScriptBuildPhase section */
		159F095D2780927110CFA522 /* [CP] Copy Pods Resources */ = {
			isa = PBXShellScriptBuildPhase;
			buildActionMask = 2147483647;
			files = (
			);
			inputPaths = (
			);
			name = "[CP] Copy Pods Resources";
			outputPaths = (
			);
			runOnlyForDeploymentPostprocessing = 0;
			shellPath = /bin/sh;
			shellScript = "\"${SRCROOT}/Pods/Target Support Files/Pods-SmashingFlashing/Pods-SmashingFlashing-resources.sh\"\n";
			showEnvVarsInLog = 0;
		};
		3F9DD5521BE904D1F5FA19F0 /* [CP] Embed Pods Frameworks */ = {
			isa = PBXShellScriptBuildPhase;
			buildActionMask = 2147483647;
			files = (
			);
			inputPaths = (
				"${SRCROOT}/Pods/Target Support Files/Pods-SmashingFlashing/Pods-SmashingFlashing-frameworks.sh",
				"${BUILT_PRODUCTS_DIR}/MGSwipeTableCell/MGSwipeTableCell.framework",
				"${BUILT_PRODUCTS_DIR}/Realm/Realm.framework",
				"${BUILT_PRODUCTS_DIR}/RealmSwift/RealmSwift.framework",
			);
			name = "[CP] Embed Pods Frameworks";
			outputPaths = (
				"${TARGET_BUILD_DIR}/${FRAMEWORKS_FOLDER_PATH}/MGSwipeTableCell.framework",
				"${TARGET_BUILD_DIR}/${FRAMEWORKS_FOLDER_PATH}/Realm.framework",
				"${TARGET_BUILD_DIR}/${FRAMEWORKS_FOLDER_PATH}/RealmSwift.framework",
			);
			runOnlyForDeploymentPostprocessing = 0;
			shellPath = /bin/sh;
			shellScript = "\"${SRCROOT}/Pods/Target Support Files/Pods-SmashingFlashing/Pods-SmashingFlashing-frameworks.sh\"\n";
			showEnvVarsInLog = 0;
		};
		667699D46BCC29D9977A12C2 /* [CP] Check Pods Manifest.lock */ = {
			isa = PBXShellScriptBuildPhase;
			buildActionMask = 2147483647;
			files = (
			);
			inputPaths = (
				"${PODS_PODFILE_DIR_PATH}/Podfile.lock",
				"${PODS_ROOT}/Manifest.lock",
			);
			name = "[CP] Check Pods Manifest.lock";
			outputPaths = (
				"$(DERIVED_FILE_DIR)/Pods-SmashingFlashingTests-checkManifestLockResult.txt",
			);
			runOnlyForDeploymentPostprocessing = 0;
			shellPath = /bin/sh;
			shellScript = "diff \"${PODS_PODFILE_DIR_PATH}/Podfile.lock\" \"${PODS_ROOT}/Manifest.lock\" > /dev/null\nif [ $? != 0 ] ; then\n    # print error to STDERR\n    echo \"error: The sandbox is not in sync with the Podfile.lock. Run 'pod install' or update your CocoaPods installation.\" >&2\n    exit 1\nfi\n# This output is used by Xcode 'outputs' to avoid re-running this script phase.\necho \"SUCCESS\" > \"${SCRIPT_OUTPUT_FILE_0}\"\n";
			showEnvVarsInLog = 0;
		};
		79E729BFD359B310C834201E /* [CP] Copy Pods Resources */ = {
			isa = PBXShellScriptBuildPhase;
			buildActionMask = 2147483647;
			files = (
			);
			inputPaths = (
			);
			name = "[CP] Copy Pods Resources";
			outputPaths = (
			);
			runOnlyForDeploymentPostprocessing = 0;
			shellPath = /bin/sh;
			shellScript = "\"${SRCROOT}/Pods/Target Support Files/Pods-SmashingFlashingTests/Pods-SmashingFlashingTests-resources.sh\"\n";
			showEnvVarsInLog = 0;
		};
		8D9F8BE12996A67E7ECA1F78 /* [CP] Check Pods Manifest.lock */ = {
			isa = PBXShellScriptBuildPhase;
			buildActionMask = 2147483647;
			files = (
			);
			inputPaths = (
				"${PODS_PODFILE_DIR_PATH}/Podfile.lock",
				"${PODS_ROOT}/Manifest.lock",
			);
			name = "[CP] Check Pods Manifest.lock";
			outputPaths = (
				"$(DERIVED_FILE_DIR)/Pods-SmashingFlashing-checkManifestLockResult.txt",
			);
			runOnlyForDeploymentPostprocessing = 0;
			shellPath = /bin/sh;
			shellScript = "diff \"${PODS_PODFILE_DIR_PATH}/Podfile.lock\" \"${PODS_ROOT}/Manifest.lock\" > /dev/null\nif [ $? != 0 ] ; then\n    # print error to STDERR\n    echo \"error: The sandbox is not in sync with the Podfile.lock. Run 'pod install' or update your CocoaPods installation.\" >&2\n    exit 1\nfi\n# This output is used by Xcode 'outputs' to avoid re-running this script phase.\necho \"SUCCESS\" > \"${SCRIPT_OUTPUT_FILE_0}\"\n";
			showEnvVarsInLog = 0;
		};
		9D814276110F394016EF0A21 /* [CP] Embed Pods Frameworks */ = {
			isa = PBXShellScriptBuildPhase;
			buildActionMask = 2147483647;
			files = (
			);
			inputPaths = (
			);
			name = "[CP] Embed Pods Frameworks";
			outputPaths = (
			);
			runOnlyForDeploymentPostprocessing = 0;
			shellPath = /bin/sh;
			shellScript = "\"${SRCROOT}/Pods/Target Support Files/Pods-SmashingFlashingTests/Pods-SmashingFlashingTests-frameworks.sh\"\n";
			showEnvVarsInLog = 0;
		};
/* End PBXShellScriptBuildPhase section */

/* Begin PBXSourcesBuildPhase section */
		4B1B26D51F7BC0270002199E /* Sources */ = {
			isa = PBXSourcesBuildPhase;
			buildActionMask = 2147483647;
			files = (
				4B6682D4200F7CDB00AF9916 /* LoadViewController.swift in Sources */,
				4BFD0FFA1FF82C310086088A /* Player.swift in Sources */,
				4BFD103D2004D4BE0086088A /* RecordVideoViewController.swift in Sources */,
				4BFD10081FF84ABC0086088A /* WalkmanViewController.swift in Sources */,
				4BFD10061FF849BA0086088A /* SlideButtonAction.swift in Sources */,
				4BFD0FFE1FF82CC70086088A /* FileName.swift in Sources */,
				4BFD0FE11FE726070086088A /* AudioTableViewCell.swift in Sources */,
				4BFD0FDF1FE71F750086088A /* DataStore.swift in Sources */,
				4B34F3AC200FF3A100523104 /* Cutter.swift in Sources */,
				4B34F3AE20108EDC00523104 /* AlertManager.swift in Sources */,
				4BFD104220055ABA0086088A /* Helper.swift in Sources */,
				4BFD0FFC1FF82C990086088A /* Recorder.swift in Sources */,
				4BFD10372002BAFF0086088A /* PhotoLibraryManager.swift in Sources */,
				4B1B26DD1F7BC0270002199E /* AppDelegate.swift in Sources */,
				4BFD0FF61FF82B800086088A /* RecorderViewController.swift in Sources */,
				4B1B27161F8BBF640002199E /* StuffViewController.swift in Sources */,
				7C73CE46202DFAC200653323 /* AudioRecordsViewController.swift in Sources */,
				4BFD0FF81FF82BC80086088A /* RecordsList.swift in Sources */,
				4BFD104420079C0F0086088A /* TrueMerger.swift in Sources */,
				4B1B271C1FADE3D10002199E /* PlayerViewController.swift in Sources */,
			);
			runOnlyForDeploymentPostprocessing = 0;
		};
		4BFD0F901FE6A4250086088A /* Sources */ = {
			isa = PBXSourcesBuildPhase;
			buildActionMask = 2147483647;
			files = (
				4BFD0F971FE6A4250086088A /* SmashingFlashingTests.swift in Sources */,
			);
			runOnlyForDeploymentPostprocessing = 0;
		};
		4BFD100D1FF9780F0086088A /* Sources */ = {
			isa = PBXSourcesBuildPhase;
			buildActionMask = 2147483647;
			files = (
				4BFD10141FF9780F0086088A /* SmashingFlashingUITests.swift in Sources */,
			);
			runOnlyForDeploymentPostprocessing = 0;
		};
/* End PBXSourcesBuildPhase section */

/* Begin PBXTargetDependency section */
		4BFD0F9A1FE6A4250086088A /* PBXTargetDependency */ = {
			isa = PBXTargetDependency;
			target = 4B1B26D81F7BC0270002199E /* SmashingFlashing */;
			targetProxy = 4BFD0F991FE6A4250086088A /* PBXContainerItemProxy */;
		};
		4BFD10171FF9780F0086088A /* PBXTargetDependency */ = {
			isa = PBXTargetDependency;
			target = 4B1B26D81F7BC0270002199E /* SmashingFlashing */;
			targetProxy = 4BFD10161FF9780F0086088A /* PBXContainerItemProxy */;
		};
/* End PBXTargetDependency section */

/* Begin PBXVariantGroup section */
		4B1B26E01F7BC0270002199E /* Main.storyboard */ = {
			isa = PBXVariantGroup;
			children = (
				4B1B26E11F7BC0270002199E /* Base */,
			);
			name = Main.storyboard;
			sourceTree = "<group>";
		};
		4B1B26E51F7BC0270002199E /* LaunchScreen.storyboard */ = {
			isa = PBXVariantGroup;
			children = (
				4B1B26E61F7BC0270002199E /* Base */,
			);
			name = LaunchScreen.storyboard;
			sourceTree = "<group>";
		};
/* End PBXVariantGroup section */

/* Begin XCBuildConfiguration section */
		4B1B26E91F7BC0270002199E /* Debug */ = {
			isa = XCBuildConfiguration;
			buildSettings = {
				ALWAYS_SEARCH_USER_PATHS = NO;
				CLANG_ANALYZER_NONNULL = YES;
				CLANG_ANALYZER_NUMBER_OBJECT_CONVERSION = YES_AGGRESSIVE;
				CLANG_CXX_LANGUAGE_STANDARD = "gnu++14";
				CLANG_CXX_LIBRARY = "libc++";
				CLANG_ENABLE_MODULES = YES;
				CLANG_ENABLE_OBJC_ARC = YES;
				CLANG_WARN_BLOCK_CAPTURE_AUTORELEASING = YES;
				CLANG_WARN_BOOL_CONVERSION = YES;
				CLANG_WARN_COMMA = YES;
				CLANG_WARN_CONSTANT_CONVERSION = YES;
				CLANG_WARN_DIRECT_OBJC_ISA_USAGE = YES_ERROR;
				CLANG_WARN_DOCUMENTATION_COMMENTS = YES;
				CLANG_WARN_EMPTY_BODY = YES;
				CLANG_WARN_ENUM_CONVERSION = YES;
				CLANG_WARN_INFINITE_RECURSION = YES;
				CLANG_WARN_INT_CONVERSION = YES;
				CLANG_WARN_NON_LITERAL_NULL_CONVERSION = YES;
				CLANG_WARN_OBJC_LITERAL_CONVERSION = YES;
				CLANG_WARN_OBJC_ROOT_CLASS = YES_ERROR;
				CLANG_WARN_RANGE_LOOP_ANALYSIS = YES;
				CLANG_WARN_STRICT_PROTOTYPES = YES;
				CLANG_WARN_SUSPICIOUS_MOVE = YES;
				CLANG_WARN_UNGUARDED_AVAILABILITY = YES_AGGRESSIVE;
				CLANG_WARN_UNREACHABLE_CODE = YES;
				CLANG_WARN__DUPLICATE_METHOD_MATCH = YES;
				CODE_SIGN_IDENTITY = "iPhone Developer";
				COPY_PHASE_STRIP = NO;
				DEBUG_INFORMATION_FORMAT = dwarf;
				ENABLE_STRICT_OBJC_MSGSEND = YES;
				ENABLE_TESTABILITY = YES;
				GCC_C_LANGUAGE_STANDARD = gnu11;
				GCC_DYNAMIC_NO_PIC = NO;
				GCC_NO_COMMON_BLOCKS = YES;
				GCC_OPTIMIZATION_LEVEL = 0;
				GCC_PREPROCESSOR_DEFINITIONS = (
					"DEBUG=1",
					"$(inherited)",
				);
				GCC_WARN_64_TO_32_BIT_CONVERSION = YES;
				GCC_WARN_ABOUT_RETURN_TYPE = YES_ERROR;
				GCC_WARN_UNDECLARED_SELECTOR = YES;
				GCC_WARN_UNINITIALIZED_AUTOS = YES_AGGRESSIVE;
				GCC_WARN_UNUSED_FUNCTION = YES;
				GCC_WARN_UNUSED_VARIABLE = YES;
				IPHONEOS_DEPLOYMENT_TARGET = 11.0;
				MTL_ENABLE_DEBUG_INFO = YES;
				ONLY_ACTIVE_ARCH = YES;
				SDKROOT = iphoneos;
				SWIFT_ACTIVE_COMPILATION_CONDITIONS = DEBUG;
				SWIFT_OPTIMIZATION_LEVEL = "-Onone";
			};
			name = Debug;
		};
		4B1B26EA1F7BC0270002199E /* Release */ = {
			isa = XCBuildConfiguration;
			buildSettings = {
				ALWAYS_SEARCH_USER_PATHS = NO;
				CLANG_ANALYZER_NONNULL = YES;
				CLANG_ANALYZER_NUMBER_OBJECT_CONVERSION = YES_AGGRESSIVE;
				CLANG_CXX_LANGUAGE_STANDARD = "gnu++14";
				CLANG_CXX_LIBRARY = "libc++";
				CLANG_ENABLE_MODULES = YES;
				CLANG_ENABLE_OBJC_ARC = YES;
				CLANG_WARN_BLOCK_CAPTURE_AUTORELEASING = YES;
				CLANG_WARN_BOOL_CONVERSION = YES;
				CLANG_WARN_COMMA = YES;
				CLANG_WARN_CONSTANT_CONVERSION = YES;
				CLANG_WARN_DIRECT_OBJC_ISA_USAGE = YES_ERROR;
				CLANG_WARN_DOCUMENTATION_COMMENTS = YES;
				CLANG_WARN_EMPTY_BODY = YES;
				CLANG_WARN_ENUM_CONVERSION = YES;
				CLANG_WARN_INFINITE_RECURSION = YES;
				CLANG_WARN_INT_CONVERSION = YES;
				CLANG_WARN_NON_LITERAL_NULL_CONVERSION = YES;
				CLANG_WARN_OBJC_LITERAL_CONVERSION = YES;
				CLANG_WARN_OBJC_ROOT_CLASS = YES_ERROR;
				CLANG_WARN_RANGE_LOOP_ANALYSIS = YES;
				CLANG_WARN_STRICT_PROTOTYPES = YES;
				CLANG_WARN_SUSPICIOUS_MOVE = YES;
				CLANG_WARN_UNGUARDED_AVAILABILITY = YES_AGGRESSIVE;
				CLANG_WARN_UNREACHABLE_CODE = YES;
				CLANG_WARN__DUPLICATE_METHOD_MATCH = YES;
				CODE_SIGN_IDENTITY = "iPhone Developer";
				COPY_PHASE_STRIP = NO;
				DEBUG_INFORMATION_FORMAT = "dwarf-with-dsym";
				ENABLE_NS_ASSERTIONS = NO;
				ENABLE_STRICT_OBJC_MSGSEND = YES;
				GCC_C_LANGUAGE_STANDARD = gnu11;
				GCC_NO_COMMON_BLOCKS = YES;
				GCC_WARN_64_TO_32_BIT_CONVERSION = YES;
				GCC_WARN_ABOUT_RETURN_TYPE = YES_ERROR;
				GCC_WARN_UNDECLARED_SELECTOR = YES;
				GCC_WARN_UNINITIALIZED_AUTOS = YES_AGGRESSIVE;
				GCC_WARN_UNUSED_FUNCTION = YES;
				GCC_WARN_UNUSED_VARIABLE = YES;
				IPHONEOS_DEPLOYMENT_TARGET = 11.0;
				MTL_ENABLE_DEBUG_INFO = NO;
				SDKROOT = iphoneos;
				SWIFT_OPTIMIZATION_LEVEL = "-Owholemodule";
				VALIDATE_PRODUCT = YES;
			};
			name = Release;
		};
		4B1B26EC1F7BC0270002199E /* Debug */ = {
			isa = XCBuildConfiguration;
			baseConfigurationReference = AD970B57F7D6BFA4EFEEFB90 /* Pods-SmashingFlashing.debug.xcconfig */;
			buildSettings = {
				ASSETCATALOG_COMPILER_APPICON_NAME = AppIcon;
				CODE_SIGN_ENTITLEMENTS = SmashingFlashing/SmashingFlashing.entitlements;
				CODE_SIGN_STYLE = Automatic;
				DEVELOPMENT_TEAM = R7MGG2Y2XW;
				INFOPLIST_FILE = "$(SRCROOT)/SmashingFlashing/Supporting files/Info.plist";
				LD_RUNPATH_SEARCH_PATHS = "$(inherited) @executable_path/Frameworks";
				PRODUCT_BUNDLE_IDENTIFIER = NM.SmashingFlashing;
				PRODUCT_NAME = "$(TARGET_NAME)";
				SWIFT_VERSION = 4.0;
				TARGETED_DEVICE_FAMILY = "1,2";
			};
			name = Debug;
		};
		4B1B26ED1F7BC0270002199E /* Release */ = {
			isa = XCBuildConfiguration;
			baseConfigurationReference = 71CE75FF24A4717AC03FC8A9 /* Pods-SmashingFlashing.release.xcconfig */;
			buildSettings = {
				ASSETCATALOG_COMPILER_APPICON_NAME = AppIcon;
				CODE_SIGN_ENTITLEMENTS = SmashingFlashing/SmashingFlashing.entitlements;
				CODE_SIGN_STYLE = Automatic;
				DEVELOPMENT_TEAM = R7MGG2Y2XW;
				INFOPLIST_FILE = "$(SRCROOT)/SmashingFlashing/Supporting files/Info.plist";
				LD_RUNPATH_SEARCH_PATHS = "$(inherited) @executable_path/Frameworks";
				PRODUCT_BUNDLE_IDENTIFIER = NM.SmashingFlashing;
				PRODUCT_NAME = "$(TARGET_NAME)";
				SWIFT_VERSION = 4.0;
				TARGETED_DEVICE_FAMILY = "1,2";
			};
			name = Release;
		};
		4BFD0F9B1FE6A4250086088A /* Debug */ = {
			isa = XCBuildConfiguration;
			baseConfigurationReference = 38EF285D21960F322216F807 /* Pods-SmashingFlashingTests.debug.xcconfig */;
			buildSettings = {
				BUNDLE_LOADER = "$(TEST_HOST)";
				CODE_SIGN_STYLE = Automatic;
				DEVELOPMENT_TEAM = R7MGG2Y2XW;
				INFOPLIST_FILE = SmashingFlashingTests/Info.plist;
				IPHONEOS_DEPLOYMENT_TARGET = 11.2;
				LD_RUNPATH_SEARCH_PATHS = "$(inherited) @executable_path/Frameworks @loader_path/Frameworks";
				PRODUCT_BUNDLE_IDENTIFIER = NM.SmashingFlashingTests;
				PRODUCT_NAME = "$(TARGET_NAME)";
				SWIFT_VERSION = 4.0;
				TARGETED_DEVICE_FAMILY = "1,2";
				TEST_HOST = "$(BUILT_PRODUCTS_DIR)/SmashingFlashing.app/SmashingFlashing";
			};
			name = Debug;
		};
		4BFD0F9C1FE6A4250086088A /* Release */ = {
			isa = XCBuildConfiguration;
			baseConfigurationReference = EBCEC6875D8F7C47BA75E88A /* Pods-SmashingFlashingTests.release.xcconfig */;
			buildSettings = {
				BUNDLE_LOADER = "$(TEST_HOST)";
				CODE_SIGN_STYLE = Automatic;
				DEVELOPMENT_TEAM = R7MGG2Y2XW;
				INFOPLIST_FILE = SmashingFlashingTests/Info.plist;
				IPHONEOS_DEPLOYMENT_TARGET = 11.2;
				LD_RUNPATH_SEARCH_PATHS = "$(inherited) @executable_path/Frameworks @loader_path/Frameworks";
				PRODUCT_BUNDLE_IDENTIFIER = NM.SmashingFlashingTests;
				PRODUCT_NAME = "$(TARGET_NAME)";
				SWIFT_VERSION = 4.0;
				TARGETED_DEVICE_FAMILY = "1,2";
				TEST_HOST = "$(BUILT_PRODUCTS_DIR)/SmashingFlashing.app/SmashingFlashing";
			};
			name = Release;
		};
		4BFD10191FF9780F0086088A /* Debug */ = {
			isa = XCBuildConfiguration;
			buildSettings = {
				CODE_SIGN_STYLE = Automatic;
				DEVELOPMENT_TEAM = R7MGG2Y2XW;
				INFOPLIST_FILE = SmashingFlashingUITests/Info.plist;
				IPHONEOS_DEPLOYMENT_TARGET = 11.2;
				LD_RUNPATH_SEARCH_PATHS = "$(inherited) @executable_path/Frameworks @loader_path/Frameworks";
				PRODUCT_BUNDLE_IDENTIFIER = NM.SmashingFlashingUITests;
				PRODUCT_NAME = "$(TARGET_NAME)";
				SWIFT_VERSION = 4.0;
				TARGETED_DEVICE_FAMILY = "1,2";
				TEST_TARGET_NAME = SmashingFlashing;
			};
			name = Debug;
		};
		4BFD101A1FF9780F0086088A /* Release */ = {
			isa = XCBuildConfiguration;
			buildSettings = {
				CODE_SIGN_STYLE = Automatic;
				DEVELOPMENT_TEAM = R7MGG2Y2XW;
				INFOPLIST_FILE = SmashingFlashingUITests/Info.plist;
				IPHONEOS_DEPLOYMENT_TARGET = 11.2;
				LD_RUNPATH_SEARCH_PATHS = "$(inherited) @executable_path/Frameworks @loader_path/Frameworks";
				PRODUCT_BUNDLE_IDENTIFIER = NM.SmashingFlashingUITests;
				PRODUCT_NAME = "$(TARGET_NAME)";
				SWIFT_VERSION = 4.0;
				TARGETED_DEVICE_FAMILY = "1,2";
				TEST_TARGET_NAME = SmashingFlashing;
			};
			name = Release;
		};
/* End XCBuildConfiguration section */

/* Begin XCConfigurationList section */
		4B1B26D41F7BC0270002199E /* Build configuration list for PBXProject "SmashingFlashing" */ = {
			isa = XCConfigurationList;
			buildConfigurations = (
				4B1B26E91F7BC0270002199E /* Debug */,
				4B1B26EA1F7BC0270002199E /* Release */,
			);
			defaultConfigurationIsVisible = 0;
			defaultConfigurationName = Release;
		};
		4B1B26EB1F7BC0270002199E /* Build configuration list for PBXNativeTarget "SmashingFlashing" */ = {
			isa = XCConfigurationList;
			buildConfigurations = (
				4B1B26EC1F7BC0270002199E /* Debug */,
				4B1B26ED1F7BC0270002199E /* Release */,
			);
			defaultConfigurationIsVisible = 0;
			defaultConfigurationName = Release;
		};
		4BFD0F9D1FE6A4250086088A /* Build configuration list for PBXNativeTarget "SmashingFlashingTests" */ = {
			isa = XCConfigurationList;
			buildConfigurations = (
				4BFD0F9B1FE6A4250086088A /* Debug */,
				4BFD0F9C1FE6A4250086088A /* Release */,
			);
			defaultConfigurationIsVisible = 0;
			defaultConfigurationName = Release;
		};
		4BFD10181FF9780F0086088A /* Build configuration list for PBXNativeTarget "SmashingFlashingUITests" */ = {
			isa = XCConfigurationList;
			buildConfigurations = (
				4BFD10191FF9780F0086088A /* Debug */,
				4BFD101A1FF9780F0086088A /* Release */,
			);
			defaultConfigurationIsVisible = 0;
			defaultConfigurationName = Release;
		};
/* End XCConfigurationList section */
	};
	rootObject = 4B1B26D11F7BC0270002199E /* Project object */;
}
