// !$*UTF8*$!
{
	archiveVersion = 1;
	classes = {
	};
	objectVersion = 48;
	objects = {

/* Begin PBXBuildFile section */
		4B1B26DD1F7BC0270002199E /* AppDelegate.swift in Sources */ = {isa = PBXBuildFile; fileRef = 4B1B26DC1F7BC0270002199E /* AppDelegate.swift */; };
		4B1B26DF1F7BC0270002199E /* ViewController.swift in Sources */ = {isa = PBXBuildFile; fileRef = 4B1B26DE1F7BC0270002199E /* ViewController.swift */; };
		4B1B26E21F7BC0270002199E /* Main.storyboard in Resources */ = {isa = PBXBuildFile; fileRef = 4B1B26E01F7BC0270002199E /* Main.storyboard */; };
		4B1B26E41F7BC0270002199E /* Assets.xcassets in Resources */ = {isa = PBXBuildFile; fileRef = 4B1B26E31F7BC0270002199E /* Assets.xcassets */; };
		4B1B26E71F7BC0270002199E /* LaunchScreen.storyboard in Resources */ = {isa = PBXBuildFile; fileRef = 4B1B26E51F7BC0270002199E /* LaunchScreen.storyboard */; };
		4B1B27161F8BBF640002199E /* StuffViewController.swift in Sources */ = {isa = PBXBuildFile; fileRef = 4B1B27151F8BBF640002199E /* StuffViewController.swift */; };
		4B1B271A1FADDF070002199E /* ClownViewController.swift in Sources */ = {isa = PBXBuildFile; fileRef = 4B1B27191FADDF070002199E /* ClownViewController.swift */; };
		4B1B271C1FADE3D10002199E /* PlayerViewController.swift in Sources */ = {isa = PBXBuildFile; fileRef = 4B1B271B1FADE3D10002199E /* PlayerViewController.swift */; };
/* End PBXBuildFile section */

/* Begin PBXFileReference section */
		4B1B26D91F7BC0270002199E /* SmashingFlashing.app */ = {isa = PBXFileReference; explicitFileType = wrapper.application; includeInIndex = 0; path = SmashingFlashing.app; sourceTree = BUILT_PRODUCTS_DIR; };
		4B1B26DC1F7BC0270002199E /* AppDelegate.swift */ = {isa = PBXFileReference; lastKnownFileType = sourcecode.swift; path = AppDelegate.swift; sourceTree = "<group>"; };
		4B1B26DE1F7BC0270002199E /* ViewController.swift */ = {isa = PBXFileReference; lastKnownFileType = sourcecode.swift; path = ViewController.swift; sourceTree = "<group>"; };
		4B1B26E11F7BC0270002199E /* Base */ = {isa = PBXFileReference; lastKnownFileType = file.storyboard; name = Base; path = Base.lproj/Main.storyboard; sourceTree = "<group>"; };
		4B1B26E31F7BC0270002199E /* Assets.xcassets */ = {isa = PBXFileReference; lastKnownFileType = folder.assetcatalog; path = Assets.xcassets; sourceTree = "<group>"; };
		4B1B26E61F7BC0270002199E /* Base */ = {isa = PBXFileReference; lastKnownFileType = file.storyboard; name = Base; path = Base.lproj/LaunchScreen.storyboard; sourceTree = "<group>"; };
		4B1B26E81F7BC0270002199E /* Info.plist */ = {isa = PBXFileReference; lastKnownFileType = text.plist.xml; path = Info.plist; sourceTree = "<group>"; };
		4B1B27151F8BBF640002199E /* StuffViewController.swift */ = {isa = PBXFileReference; lastKnownFileType = sourcecode.swift; path = StuffViewController.swift; sourceTree = "<group>"; };
		4B1B27191FADDF070002199E /* ClownViewController.swift */ = {isa = PBXFileReference; lastKnownFileType = sourcecode.swift; path = ClownViewController.swift; sourceTree = "<group>"; };
		4B1B271B1FADE3D10002199E /* PlayerViewController.swift */ = {isa = PBXFileReference; lastKnownFileType = sourcecode.swift; path = PlayerViewController.swift; sourceTree = "<group>"; };
/* End PBXFileReference section */

/* Begin PBXFrameworksBuildPhase section */
		4B1B26D61F7BC0270002199E /* Frameworks */ = {
			isa = PBXFrameworksBuildPhase;
			buildActionMask = 2147483647;
			files = (
			);
			runOnlyForDeploymentPostprocessing = 0;
		};
/* End PBXFrameworksBuildPhase section */

/* Begin PBXGroup section */
		4B1B26D01F7BC0270002199E = {
			isa = PBXGroup;
			children = (
				4B1B26DB1F7BC0270002199E /* SmashingFlashing */,
				4B1B26DA1F7BC0270002199E /* Products */,
			);
			sourceTree = "<group>";
		};
		4B1B26DA1F7BC0270002199E /* Products */ = {
			isa = PBXGroup;
			children = (
				4B1B26D91F7BC0270002199E /* SmashingFlashing.app */,
			);
			name = Products;
			sourceTree = "<group>";
		};
		4B1B26DB1F7BC0270002199E /* SmashingFlashing */ = {
			isa = PBXGroup;
			children = (
				4B1B26DC1F7BC0270002199E /* AppDelegate.swift */,
				4B1B26DE1F7BC0270002199E /* ViewController.swift */,
				4B1B27151F8BBF640002199E /* StuffViewController.swift */,
				4B1B271B1FADE3D10002199E /* PlayerViewController.swift */,
				4B1B27191FADDF070002199E /* ClownViewController.swift */,
				4B1B26E01F7BC0270002199E /* Main.storyboard */,
				4B1B26E31F7BC0270002199E /* Assets.xcassets */,
				4B1B26E51F7BC0270002199E /* LaunchScreen.storyboard */,
				4B1B26E81F7BC0270002199E /* Info.plist */,
			);
			path = SmashingFlashing;
			sourceTree = "<group>";
		};
/* End PBXGroup section */

/* Begin PBXNativeTarget section */
		4B1B26D81F7BC0270002199E /* SmashingFlashing */ = {
			isa = PBXNativeTarget;
			buildConfigurationList = 4B1B26EB1F7BC0270002199E /* Build configuration list for PBXNativeTarget "SmashingFlashing" */;
			buildPhases = (
				4B1B26D51F7BC0270002199E /* Sources */,
				4B1B26D61F7BC0270002199E /* Frameworks */,
				4B1B26D71F7BC0270002199E /* Resources */,
			);
			buildRules = (
			);
			dependencies = (
			);
			name = SmashingFlashing;
			productName = SmashingFlashing;
			productReference = 4B1B26D91F7BC0270002199E /* SmashingFlashing.app */;
			productType = "com.apple.product-type.application";
		};
/* End PBXNativeTarget section */

/* Begin PBXProject section */
		4B1B26D11F7BC0270002199E /* Project object */ = {
			isa = PBXProject;
			attributes = {
				LastSwiftUpdateCheck = 0900;
				LastUpgradeCheck = 0900;
				ORGANIZATIONNAME = "Михаил Нечаев";
				TargetAttributes = {
					4B1B26D81F7BC0270002199E = {
						CreatedOnToolsVersion = 9.0;
						ProvisioningStyle = Automatic;
					};
				};
			};
			buildConfigurationList = 4B1B26D41F7BC0270002199E /* Build configuration list for PBXProject "SmashingFlashing" */;
			compatibilityVersion = "Xcode 8.0";
			developmentRegion = en;
			hasScannedForEncodings = 0;
			knownRegions = (
				en,
				Base,
			);
			mainGroup = 4B1B26D01F7BC0270002199E;
			productRefGroup = 4B1B26DA1F7BC0270002199E /* Products */;
			projectDirPath = "";
			projectRoot = "";
			targets = (
				4B1B26D81F7BC0270002199E /* SmashingFlashing */,
			);
		};
/* End PBXProject section */

/* Begin PBXResourcesBuildPhase section */
		4B1B26D71F7BC0270002199E /* Resources */ = {
			isa = PBXResourcesBuildPhase;
			buildActionMask = 2147483647;
			files = (
				4B1B26E71F7BC0270002199E /* LaunchScreen.storyboard in Resources */,
				4B1B26E41F7BC0270002199E /* Assets.xcassets in Resources */,
				4B1B26E21F7BC0270002199E /* Main.storyboard in Resources */,
			);
			runOnlyForDeploymentPostprocessing = 0;
		};
/* End PBXResourcesBuildPhase section */

/* Begin PBXSourcesBuildPhase section */
		4B1B26D51F7BC0270002199E /* Sources */ = {
			isa = PBXSourcesBuildPhase;
			buildActionMask = 2147483647;
			files = (
				4B1B26DF1F7BC0270002199E /* ViewController.swift in Sources */,
				4B1B26DD1F7BC0270002199E /* AppDelegate.swift in Sources */,
				4B1B271A1FADDF070002199E /* ClownViewController.swift in Sources */,
				4B1B27161F8BBF640002199E /* StuffViewController.swift in Sources */,
				4B1B271C1FADE3D10002199E /* PlayerViewController.swift in Sources */,
			);
			runOnlyForDeploymentPostprocessing = 0;
		};
/* End PBXSourcesBuildPhase section */

/* Begin PBXVariantGroup section */
		4B1B26E01F7BC0270002199E /* Main.storyboard */ = {
			isa = PBXVariantGroup;
			children = (
				4B1B26E11F7BC0270002199E /* Base */,
			);
			name = Main.storyboard;
			sourceTree = "<group>";
		};
		4B1B26E51F7BC0270002199E /* LaunchScreen.storyboard */ = {
			isa = PBXVariantGroup;
			children = (
				4B1B26E61F7BC0270002199E /* Base */,
			);
			name = LaunchScreen.storyboard;
			sourceTree = "<group>";
		};
/* End PBXVariantGroup section */

/* Begin XCBuildConfiguration section */
		4B1B26E91F7BC0270002199E /* Debug */ = {
			isa = XCBuildConfiguration;
			buildSettings = {
				ALWAYS_SEARCH_USER_PATHS = NO;
				CLANG_ANALYZER_NONNULL = YES;
				CLANG_ANALYZER_NUMBER_OBJECT_CONVERSION = YES_AGGRESSIVE;
				CLANG_CXX_LANGUAGE_STANDARD = "gnu++14";
				CLANG_CXX_LIBRARY = "libc++";
				CLANG_ENABLE_MODULES = YES;
				CLANG_ENABLE_OBJC_ARC = YES;
				CLANG_WARN_BLOCK_CAPTURE_AUTORELEASING = YES;
				CLANG_WARN_BOOL_CONVERSION = YES;
				CLANG_WARN_COMMA = YES;
				CLANG_WARN_CONSTANT_CONVERSION = YES;
				CLANG_WARN_DIRECT_OBJC_ISA_USAGE = YES_ERROR;
				CLANG_WARN_DOCUMENTATION_COMMENTS = YES;
				CLANG_WARN_EMPTY_BODY = YES;
				CLANG_WARN_ENUM_CONVERSION = YES;
				CLANG_WARN_INFINITE_RECURSION = YES;
				CLANG_WARN_INT_CONVERSION = YES;
				CLANG_WARN_NON_LITERAL_NULL_CONVERSION = YES;
				CLANG_WARN_OBJC_LITERAL_CONVERSION = YES;
				CLANG_WARN_OBJC_ROOT_CLASS = YES_ERROR;
				CLANG_WARN_RANGE_LOOP_ANALYSIS = YES;
				CLANG_WARN_STRICT_PROTOTYPES = YES;
				CLANG_WARN_SUSPICIOUS_MOVE = YES;
				CLANG_WARN_UNGUARDED_AVAILABILITY = YES_AGGRESSIVE;
				CLANG_WARN_UNREACHABLE_CODE = YES;
				CLANG_WARN__DUPLICATE_METHOD_MATCH = YES;
				CODE_SIGN_IDENTITY = "iPhone Developer";
				COPY_PHASE_STRIP = NO;
				DEBUG_INFORMATION_FORMAT = dwarf;
				ENABLE_STRICT_OBJC_MSGSEND = YES;
				ENABLE_TESTABILITY = YES;
				GCC_C_LANGUAGE_STANDARD = gnu11;
				GCC_DYNAMIC_NO_PIC = NO;
				GCC_NO_COMMON_BLOCKS = YES;
				GCC_OPTIMIZATION_LEVEL = 0;
				GCC_PREPROCESSOR_DEFINITIONS = (
					"DEBUG=1",
					"$(inherited)",
				);
				GCC_WARN_64_TO_32_BIT_CONVERSION = YES;
				GCC_WARN_ABOUT_RETURN_TYPE = YES_ERROR;
				GCC_WARN_UNDECLARED_SELECTOR = YES;
				GCC_WARN_UNINITIALIZED_AUTOS = YES_AGGRESSIVE;
				GCC_WARN_UNUSED_FUNCTION = YES;
				GCC_WARN_UNUSED_VARIABLE = YES;
				IPHONEOS_DEPLOYMENT_TARGET = 11.0;
				MTL_ENABLE_DEBUG_INFO = YES;
				ONLY_ACTIVE_ARCH = YES;
				SDKROOT = iphoneos;
				SWIFT_ACTIVE_COMPILATION_CONDITIONS = DEBUG;
				SWIFT_OPTIMIZATION_LEVEL = "-Onone";
			};
			name = Debug;
		};
		4B1B26EA1F7BC0270002199E /* Release */ = {
			isa = XCBuildConfiguration;
			buildSettings = {
				ALWAYS_SEARCH_USER_PATHS = NO;
				CLANG_ANALYZER_NONNULL = YES;
				CLANG_ANALYZER_NUMBER_OBJECT_CONVERSION = YES_AGGRESSIVE;
				CLANG_CXX_LANGUAGE_STANDARD = "gnu++14";
				CLANG_CXX_LIBRARY = "libc++";
				CLANG_ENABLE_MODULES = YES;
				CLANG_ENABLE_OBJC_ARC = YES;
				CLANG_WARN_BLOCK_CAPTURE_AUTORELEASING = YES;
				CLANG_WARN_BOOL_CONVERSION = YES;
				CLANG_WARN_COMMA = YES;
				CLANG_WARN_CONSTANT_CONVERSION = YES;
				CLANG_WARN_DIRECT_OBJC_ISA_USAGE = YES_ERROR;
				CLANG_WARN_DOCUMENTATION_COMMENTS = YES;
				CLANG_WARN_EMPTY_BODY = YES;
				CLANG_WARN_ENUM_CONVERSION = YES;
				CLANG_WARN_INFINITE_RECURSION = YES;
				CLANG_WARN_INT_CONVERSION = YES;
				CLANG_WARN_NON_LITERAL_NULL_CONVERSION = YES;
				CLANG_WARN_OBJC_LITERAL_CONVERSION = YES;
				CLANG_WARN_OBJC_ROOT_CLASS = YES_ERROR;
				CLANG_WARN_RANGE_LOOP_ANALYSIS = YES;
				CLANG_WARN_STRICT_PROTOTYPES = YES;
				CLANG_WARN_SUSPICIOUS_MOVE = YES;
				CLANG_WARN_UNGUARDED_AVAILABILITY = YES_AGGRESSIVE;
				CLANG_WARN_UNREACHABLE_CODE = YES;
				CLANG_WARN__DUPLICATE_METHOD_MATCH = YES;
				CODE_SIGN_IDENTITY = "iPhone Developer";
				COPY_PHASE_STRIP = NO;
				DEBUG_INFORMATION_FORMAT = "dwarf-with-dsym";
				ENABLE_NS_ASSERTIONS = NO;
				ENABLE_STRICT_OBJC_MSGSEND = YES;
				GCC_C_LANGUAGE_STANDARD = gnu11;
				GCC_NO_COMMON_BLOCKS = YES;
				GCC_WARN_64_TO_32_BIT_CONVERSION = YES;
				GCC_WARN_ABOUT_RETURN_TYPE = YES_ERROR;
				GCC_WARN_UNDECLARED_SELECTOR = YES;
				GCC_WARN_UNINITIALIZED_AUTOS = YES_AGGRESSIVE;
				GCC_WARN_UNUSED_FUNCTION = YES;
				GCC_WARN_UNUSED_VARIABLE = YES;
				IPHONEOS_DEPLOYMENT_TARGET = 11.0;
				MTL_ENABLE_DEBUG_INFO = NO;
				SDKROOT = iphoneos;
				SWIFT_OPTIMIZATION_LEVEL = "-Owholemodule";
				VALIDATE_PRODUCT = YES;
			};
			name = Release;
		};
		4B1B26EC1F7BC0270002199E /* Debug */ = {
			isa = XCBuildConfiguration;
			buildSettings = {
				ASSETCATALOG_COMPILER_APPICON_NAME = AppIcon;
				CODE_SIGN_STYLE = Automatic;
				DEVELOPMENT_TEAM = R7MGG2Y2XW;
				INFOPLIST_FILE = SmashingFlashing/Info.plist;
				LD_RUNPATH_SEARCH_PATHS = "$(inherited) @executable_path/Frameworks";
				PRODUCT_BUNDLE_IDENTIFIER = NM.SmashingFlashing;
				PRODUCT_NAME = "$(TARGET_NAME)";
				SWIFT_VERSION = 4.0;
				TARGETED_DEVICE_FAMILY = "1,2";
			};
			name = Debug;
		};
		4B1B26ED1F7BC0270002199E /* Release */ = {
			isa = XCBuildConfiguration;
			buildSettings = {
				ASSETCATALOG_COMPILER_APPICON_NAME = AppIcon;
				CODE_SIGN_STYLE = Automatic;
				DEVELOPMENT_TEAM = R7MGG2Y2XW;
				INFOPLIST_FILE = SmashingFlashing/Info.plist;
				LD_RUNPATH_SEARCH_PATHS = "$(inherited) @executable_path/Frameworks";
				PRODUCT_BUNDLE_IDENTIFIER = NM.SmashingFlashing;
				PRODUCT_NAME = "$(TARGET_NAME)";
				SWIFT_VERSION = 4.0;
				TARGETED_DEVICE_FAMILY = "1,2";
			};
			name = Release;
		};
/* End XCBuildConfiguration section */

/* Begin XCConfigurationList section */
		4B1B26D41F7BC0270002199E /* Build configuration list for PBXProject "SmashingFlashing" */ = {
			isa = XCConfigurationList;
			buildConfigurations = (
				4B1B26E91F7BC0270002199E /* Debug */,
				4B1B26EA1F7BC0270002199E /* Release */,
			);
			defaultConfigurationIsVisible = 0;
			defaultConfigurationName = Release;
		};
		4B1B26EB1F7BC0270002199E /* Build configuration list for PBXNativeTarget "SmashingFlashing" */ = {
			isa = XCConfigurationList;
			buildConfigurations = (
				4B1B26EC1F7BC0270002199E /* Debug */,
				4B1B26ED1F7BC0270002199E /* Release */,
			);
			defaultConfigurationIsVisible = 0;
			defaultConfigurationName = Release;
		};
/* End XCConfigurationList section */
	};
	rootObject = 4B1B26D11F7BC0270002199E /* Project object */;
}
